
Microsoft Visual Studio Solution File, Format Version 12.00
# Visual Studio Version 17
VisualStudioVersion = 17.14.36121.58 d17.14
MinimumVisualStudioVersion = 10.0.40219.1
Project("{FAE04EC0-301F-11D3-BF4B-00C04F79EFBC}") = "BookRP", "BookRP\BookRP.csproj", "{1237D5EC-091E-4CC6-9C94-37017343C874}"
EndProject
Project("{2150E333-8FDC-42A3-9474-1A3956D46DE8}") = "솔루션 항목", "솔루션 항목", "{2A3A057F-5D22-31FD-628C-DF5EF75AEF1E}"
	ProjectSection(SolutionItems) = preProject
		.gitignore = .gitignore
	EndProjectSection
EndProject
Global
	GlobalSection(SolutionConfigurationPlatforms) = preSolution
		Debug|Any CPU = Debug|Any CPU
		Release|Any CPU = Release|Any CPU
	EndGlobalSection
	GlobalSection(ProjectConfigurationPlatforms) = postSolution
		{1237D5EC-091E-4CC6-9C94-37017343C874}.Debug|Any CPU.ActiveCfg = Debug|Any CPU
		{1237D5EC-091E-4CC6-9C94-37017343C874}.Debug|Any CPU.Build.0 = Debug|Any CPU
		{1237D5EC-091E-4CC6-9C94-37017343C874}.Release|Any CPU.ActiveCfg = Release|Any CPU
		{1237D5EC-091E-4CC6-9C94-37017343C874}.Release|Any CPU.Build.0 = Release|Any CPU
	EndGlobalSection
	GlobalSection(SolutionProperties) = preSolution
		HideSolutionNode = FALSE
	EndGlobalSection
	GlobalSection(ExtensibilityGlobals) = postSolution
		SolutionGuid = {43190554-817A-459A-BC4A-7FBB9BB7D653}
	EndGlobalSection
EndGlobal
